
Microsoft Visual Studio Solution File, Format Version 12.00
# Visual Studio Version 16
VisualStudioVersion = 16.0.30907.101
MinimumVisualStudioVersion = 10.0.40219.1
Project("{FAE04EC0-301F-11D3-BF4B-00C04F79EFBC}") = "HTML", "HTML.csproj", "{F7B7B7E2-1CFE-4B2F-BD00-5BBF7FB5926D}"
EndProject
Global
	GlobalSection(SolutionConfigurationPlatforms) = preSolution
		Debug|Any CPU = Debug|Any CPU
		Release|Any CPU = Release|Any CPU
	EndGlobalSection
	GlobalSection(ProjectConfigurationPlatforms) = postSolution
		{F7B7B7E2-1CFE-4B2F-BD00-5BBF7FB5926D}.Debug|Any CPU.ActiveCfg = Debug|Any CPU
		{F7B7B7E2-1CFE-4B2F-BD00-5BBF7FB5926D}.Debug|Any CPU.Build.0 = Debug|Any CPU
		{F7B7B7E2-1CFE-4B2F-BD00-5BBF7FB5926D}.Release|Any CPU.ActiveCfg = Release|Any CPU
		{F7B7B7E2-1CFE-4B2F-BD00-5BBF7FB5926D}.Release|Any CPU.Build.0 = Release|Any CPU
	EndGlobalSection
	GlobalSection(SolutionProperties) = preSolution
		HideSolutionNode = FALSE
	EndGlobalSection
	GlobalSection(ExtensibilityGlobals) = postSolution
		SolutionGuid = {8A667456-DAE5-40E2-8DAC-15CAB9C468FC}
	EndGlobalSection
EndGlobal
